
Microsoft Visual Studio Solution File, Format Version 11.00
# Visual Studio 2010
Project("{FAE04EC0-301F-11D3-BF4B-00C04F79EFBC}") = "Space Survival Game", "Assembly-CSharp.csproj", "{F388AE13-F67D-F24C-696B-E1863466B8FB}"
EndProject
Global
	GlobalSection(SolutionConfigurationPlatforms) = preSolution
		Debug|Any CPU = Debug|Any CPU
		Release|Any CPU = Release|Any CPU
	EndGlobalSection
	GlobalSection(ProjectConfigurationPlatforms) = postSolution
		{F388AE13-F67D-F24C-696B-E1863466B8FB}.Debug|Any CPU.ActiveCfg = Debug|Any CPU
		{F388AE13-F67D-F24C-696B-E1863466B8FB}.Debug|Any CPU.Build.0 = Debug|Any CPU
		{F388AE13-F67D-F24C-696B-E1863466B8FB}.Release|Any CPU.ActiveCfg = Release|Any CPU
		{F388AE13-F67D-F24C-696B-E1863466B8FB}.Release|Any CPU.Build.0 = Release|Any CPU
	EndGlobalSection
	GlobalSection(SolutionProperties) = preSolution
		HideSolutionNode = FALSE
	EndGlobalSection
	GlobalSection(MonoDevelopProperties) = preSolution
		StartupItem = Assembly-CSharp.csproj
	EndGlobalSection
EndGlobal
